
Microsoft Visual Studio Solution File, Format Version 12.00
# Visual Studio Version 17
VisualStudioVersion = 17.14.36401.2 d17.14
MinimumVisualStudioVersion = 10.0.40219.1
Project("{FAE04EC0-301F-11D3-BF4B-00C04F79EFBC}") = "NewAppi", "NewAppi\NewAppi.csproj", "{693D9C56-47B2-47C7-9F3D-3E2B6372939A}"
EndProject
Global
	GlobalSection(SolutionConfigurationPlatforms) = preSolution
		Debug|Any CPU = Debug|Any CPU
		Release|Any CPU = Release|Any CPU
	EndGlobalSection
	GlobalSection(ProjectConfigurationPlatforms) = postSolution
		{693D9C56-47B2-47C7-9F3D-3E2B6372939A}.Debug|Any CPU.ActiveCfg = Debug|Any CPU
		{693D9C56-47B2-47C7-9F3D-3E2B6372939A}.Debug|Any CPU.Build.0 = Debug|Any CPU
		{693D9C56-47B2-47C7-9F3D-3E2B6372939A}.Release|Any CPU.ActiveCfg = Release|Any CPU
		{693D9C56-47B2-47C7-9F3D-3E2B6372939A}.Release|Any CPU.Build.0 = Release|Any CPU
	EndGlobalSection
	GlobalSection(SolutionProperties) = preSolution
		HideSolutionNode = FALSE
	EndGlobalSection
	GlobalSection(ExtensibilityGlobals) = postSolution
		SolutionGuid = {F8554BAE-D446-46E5-A0C3-39F8EC17BEAB}
	EndGlobalSection
EndGlobal
